
Microsoft Visual Studio Solution File, Format Version 12.00
# Visual Studio Version 16
VisualStudioVersion = 16.0.31402.337
MinimumVisualStudioVersion = 10.0.40219.1
Project("{FAE04EC0-301F-11D3-BF4B-00C04F79EFBC}") = "CompanyManager", "CompanyManager.csproj", "{29A58CEC-4B4D-4CC3-B362-0A5FA25EA42D}"
EndProject
Global
	GlobalSection(SolutionConfigurationPlatforms) = preSolution
		Debug|Any CPU = Debug|Any CPU
		Release|Any CPU = Release|Any CPU
	EndGlobalSection
	GlobalSection(ProjectConfigurationPlatforms) = postSolution
		{29A58CEC-4B4D-4CC3-B362-0A5FA25EA42D}.Debug|Any CPU.ActiveCfg = Debug|Any CPU
		{29A58CEC-4B4D-4CC3-B362-0A5FA25EA42D}.Debug|Any CPU.Build.0 = Debug|Any CPU
		{29A58CEC-4B4D-4CC3-B362-0A5FA25EA42D}.Release|Any CPU.ActiveCfg = Release|Any CPU
		{29A58CEC-4B4D-4CC3-B362-0A5FA25EA42D}.Release|Any CPU.Build.0 = Release|Any CPU
	EndGlobalSection
	GlobalSection(SolutionProperties) = preSolution
		HideSolutionNode = FALSE
	EndGlobalSection
	GlobalSection(ExtensibilityGlobals) = postSolution
		SolutionGuid = {0CC1032D-3FCC-4F9D-9028-6A2D0F554761}
	EndGlobalSection
EndGlobal
